[dependencies]
  [dependencies.argo-cd]
    name = "argo-cd"
    full_name = "argo-cd_0.2.1"
    version = "0.2.1"
  [dependencies.cert-manager]
    name = "cert-manager"
    full_name = "cert-manager_0.3.0"
    version = "0.3.0"
  [dependencies.cilium]
    name = "cilium"
    full_name = "cilium_0.4.1"
    version = "0.4.1"
  [dependencies.crossplane]
    name = "crossplane"
    full_name = "crossplane_1.17.3"
    version = "1.17.3"
  [dependencies.crossplane-provider-sql]
    name = "crossplane-provider-sql"
    full_name = "crossplane-provider-sql_0.0.1"
    version = "0.0.1"
  [dependencies.crossplane-provider-terraform]
    name = "crossplane-provider-terraform"
    full_name = "crossplane-provider-terraform_0.10.2"
    version = "0.10.2"
  [dependencies.external-secrets]
    name = "external-secrets"
    full_name = "external-secrets_0.1.4"
    version = "0.1.4"
  [dependencies.grafana-operator]
    name = "grafana-operator"
    full_name = "grafana-operator_0.1.1"
    version = "0.1.1"
  [dependencies.helm]
    name = "helm"
    full_name = "helm_0.1.0"
    version = "0.1.0"
    reg = "ghcr.io"
    repo = "macropower/kclx/helm"
    oci_tag = "0.1.0"
  [dependencies.k8s]
    name = "k8s"
    full_name = "k8s_1.31.2"
    version = "1.31.2"
  [dependencies.opentelemetry-operator]
    name = "opentelemetry-operator"
    full_name = "opentelemetry-operator_0.1.1"
    version = "0.1.1"
  [dependencies.prometheus-operator]
    name = "prometheus-operator"
    full_name = "prometheus-operator_0.1.1"
    version = "0.1.1"
  [dependencies.secure-code-box]
    name = "secure-code-box"
    full_name = "secure-code-box_0.2.1"
    version = "0.2.1"
  [dependencies.traefik]
    name = "traefik"
    full_name = "traefik_0.2.1"
    version = "0.2.1"
