{
  "lockfile_version": "1",
  "packages": {
    "argocd@3.1.9": {
      "last_modified": "2025-11-23T21:50:36Z",
      "resolved": "github:NixOS/nixpkgs/ee09932cedcef15aaf476f9343d1dea2cb77e261#argocd",
      "source": "devbox-search",
      "version": "3.1.9",
      "systems": {
        "aarch64-darwin": {
          "outputs": [
            {
              "name": "out",
              "path": "/nix/store/p3rfa465qq64labdlpd9lwa439x2k82q-argocd-3.1.9",
              "default": true
            }
          ],
          "store_path": "/nix/store/p3rfa465qq64labdlpd9lwa439x2k82q-argocd-3.1.9"
        },
        "aarch64-linux": {
          "outputs": [
            {
              "name": "out",
              "path": "/nix/store/m6lkhgv5p8z7rjl0lm1fix0ncmd60s45-argocd-3.1.9",
              "default": true
            }
          ],
          "store_path": "/nix/store/m6lkhgv5p8z7rjl0lm1fix0ncmd60s45-argocd-3.1.9"
        },
        "x86_64-darwin": {
          "outputs": [
            {
              "name": "out",
              "path": "/nix/store/bczgz1zkigcgqkpsivakz6pxzhqvvcfx-argocd-3.1.9",
              "default": true
            }
          ],
          "store_path": "/nix/store/bczgz1zkigcgqkpsivakz6pxzhqvvcfx-argocd-3.1.9"
        },
        "x86_64-linux": {
          "outputs": [
            {
              "name": "out",
              "path": "/nix/store/fsgh0lgm11qwz81q229k19xk92b0bwsy-argocd-3.1.9",
              "default": true
            }
          ],
          "store_path": "/nix/store/fsgh0lgm11qwz81q229k19xk92b0bwsy-argocd-3.1.9"
        }
      }
    },
    "auth0-cli@1.23.0": {
      "last_modified": "2025-11-23T21:50:36Z",
      "resolved": "github:NixOS/nixpkgs/ee09932cedcef15aaf476f9343d1dea2cb77e261#auth0-cli",
      "source": "devbox-search",
      "version": "1.23.0",
      "systems": {
        "aarch64-darwin": {
          "outputs": [
            {
              "name": "out",
              "path": "/nix/store/3qlfiyskys37mcbp0zd7d2pfw3iyi710-auth0-cli-1.23.0",
              "default": true
            }
          ],
          "store_path": "/nix/store/3qlfiyskys37mcbp0zd7d2pfw3iyi710-auth0-cli-1.23.0"
        },
        "aarch64-linux": {
          "outputs": [
            {
              "name": "out",
              "path": "/nix/store/8isaqrsc4cybdfam1fjhfpra7n0a5sxk-auth0-cli-1.23.0",
              "default": true
            }
          ],
          "store_path": "/nix/store/8isaqrsc4cybdfam1fjhfpra7n0a5sxk-auth0-cli-1.23.0"
        },
        "x86_64-darwin": {
          "outputs": [
            {
              "name": "out",
              "path": "/nix/store/l0409miqy01zb1wx7ssw3c1wija80s4a-auth0-cli-1.23.0",
              "default": true
            }
          ],
          "store_path": "/nix/store/l0409miqy01zb1wx7ssw3c1wija80s4a-auth0-cli-1.23.0"
        },
        "x86_64-linux": {
          "outputs": [
            {
              "name": "out",
              "path": "/nix/store/shqpz99ad9a8qzy53s82f1zcwlpwbq31-auth0-cli-1.23.0",
              "default": true
            }
          ],
          "store_path": "/nix/store/shqpz99ad9a8qzy53s82f1zcwlpwbq31-auth0-cli-1.23.0"
        }
      }
    },
    "cilium-cli@0.18.8": {
      "last_modified": "2025-11-23T21:50:36Z",
      "resolved": "github:NixOS/nixpkgs/ee09932cedcef15aaf476f9343d1dea2cb77e261#cilium-cli",
      "source": "devbox-search",
      "version": "0.18.8",
      "systems": {
        "aarch64-darwin": {
          "outputs": [
            {
              "name": "out",
              "path": "/nix/store/arrn3yh7cf7rp8ydqh1w60ry5wb9c6nh-cilium-cli-0.18.8",
              "default": true
            }
          ],
          "store_path": "/nix/store/arrn3yh7cf7rp8ydqh1w60ry5wb9c6nh-cilium-cli-0.18.8"
        },
        "aarch64-linux": {
          "outputs": [
            {
              "name": "out",
              "path": "/nix/store/qahfw3s2gn3ggalgwp2h9y667m5fr5xr-cilium-cli-0.18.8",
              "default": true
            }
          ],
          "store_path": "/nix/store/qahfw3s2gn3ggalgwp2h9y667m5fr5xr-cilium-cli-0.18.8"
        },
        "x86_64-darwin": {
          "outputs": [
            {
              "name": "out",
              "path": "/nix/store/ljdqda5fvrvc5fln0g9rcyfpj65f02rf-cilium-cli-0.18.8",
              "default": true
            }
          ],
          "store_path": "/nix/store/ljdqda5fvrvc5fln0g9rcyfpj65f02rf-cilium-cli-0.18.8"
        },
        "x86_64-linux": {
          "outputs": [
            {
              "name": "out",
              "path": "/nix/store/rbn2sksain1wzmxjjfpmc0slkdhbbb36-cilium-cli-0.18.8",
              "default": true
            }
          ],
          "store_path": "/nix/store/rbn2sksain1wzmxjjfpmc0slkdhbbb36-cilium-cli-0.18.8"
        }
      }
    },
    "doppler@3.75.1": {
      "last_modified": "2025-11-23T21:50:36Z",
      "resolved": "github:NixOS/nixpkgs/ee09932cedcef15aaf476f9343d1dea2cb77e261#doppler",
      "source": "devbox-search",
      "version": "3.75.1",
      "systems": {
        "aarch64-darwin": {
          "outputs": [
            {
              "name": "out",
              "path": "/nix/store/fdn1142i6kd952qx9nxh6gqb0w44dp6k-doppler-3.75.1",
              "default": true
            }
          ],
          "store_path": "/nix/store/fdn1142i6kd952qx9nxh6gqb0w44dp6k-doppler-3.75.1"
        },
        "aarch64-linux": {
          "outputs": [
            {
              "name": "out",
              "path": "/nix/store/iyip2ycmizf5rn02cidjmzqbc87hy2qv-doppler-3.75.1",
              "default": true
            }
          ],
          "store_path": "/nix/store/iyip2ycmizf5rn02cidjmzqbc87hy2qv-doppler-3.75.1"
        },
        "x86_64-darwin": {
          "outputs": [
            {
              "name": "out",
              "path": "/nix/store/dq5j1zvl8666kxih8nm8d0msqa94n7p4-doppler-3.75.1",
              "default": true
            }
          ],
          "store_path": "/nix/store/dq5j1zvl8666kxih8nm8d0msqa94n7p4-doppler-3.75.1"
        },
        "x86_64-linux": {
          "outputs": [
            {
              "name": "out",
              "path": "/nix/store/hwxygzvbwday39zhlnplbkpz07p8wb7m-doppler-3.75.1",
              "default": true
            }
          ],
          "store_path": "/nix/store/hwxygzvbwday39zhlnplbkpz07p8wb7m-doppler-3.75.1"
        }
      }
    },
    "git@2.51.2": {
      "last_modified": "2025-11-23T21:50:36Z",
      "resolved": "github:NixOS/nixpkgs/ee09932cedcef15aaf476f9343d1dea2cb77e261#git",
      "source": "devbox-search",
      "version": "2.51.2",
      "systems": {
        "aarch64-darwin": {
          "outputs": [
            {
              "name": "out",
              "path": "/nix/store/x34bh6s6ighg7lb74nkjbx3nx52zj0j9-git-2.51.2",
              "default": true
            },
            {
              "name": "doc",
              "path": "/nix/store/6wnscv0364r6430qmx33nn927dlw2vnf-git-2.51.2-doc"
            }
          ],
          "store_path": "/nix/store/x34bh6s6ighg7lb74nkjbx3nx52zj0j9-git-2.51.2"
        },
        "aarch64-linux": {
          "outputs": [
            {
              "name": "out",
              "path": "/nix/store/gzdcfmx2p9nvd4z21b6ns00cp4sv1d2h-git-2.51.2",
              "default": true
            },
            {
              "name": "debug",
              "path": "/nix/store/5l5ln59lpi4qv2qm59aqchlz32j9zcm9-git-2.51.2-debug"
            },
            {
              "name": "doc",
              "path": "/nix/store/w28mqxb1bd51f5rwh5127pvbp31lnqmv-git-2.51.2-doc"
            }
          ],
          "store_path": "/nix/store/gzdcfmx2p9nvd4z21b6ns00cp4sv1d2h-git-2.51.2"
        },
        "x86_64-darwin": {
          "outputs": [
            {
              "name": "out",
              "path": "/nix/store/zz5xiyzpnn06cdgw1xnlvs1sbly5247r-git-2.51.2",
              "default": true
            },
            {
              "name": "doc",
              "path": "/nix/store/vrisnm56c5v8mzbv55yrq28wgkvga8nm-git-2.51.2-doc"
            }
          ],
          "store_path": "/nix/store/zz5xiyzpnn06cdgw1xnlvs1sbly5247r-git-2.51.2"
        },
        "x86_64-linux": {
          "outputs": [
            {
              "name": "out",
              "path": "/nix/store/4qhdhmi7pzgad0zfd7c5lsg235mbf9hv-git-2.51.2",
              "default": true
            },
            {
              "name": "debug",
              "path": "/nix/store/pjr2vd588sxa47glfg0ky0df3vk79dcs-git-2.51.2-debug"
            },
            {
              "name": "doc",
              "path": "/nix/store/9k6ivrdddy9s3z1hiwgavl0kfr2czgav-git-2.51.2-doc"
            }
          ],
          "store_path": "/nix/store/4qhdhmi7pzgad0zfd7c5lsg235mbf9hv-git-2.51.2"
        }
      }
    },
    "github:NixOS/nixpkgs/nixpkgs-unstable": {
      "last_modified": "2025-11-30T03:55:57Z",
      "resolved": "github:NixOS/nixpkgs/890f57fde071de281cd0e950cd80ea3e1ab55e75?lastModified=1764474957&narHash=sha256-RCNYRb7zHt%2BqycQwfTD%2FZxnbd4Sxi2fgvkeAljtLEOs%3D"
    },
    "github:budimanjojo/talhelper/v3.0.41": {
      "last_modified": "2025-11-24T04:51:03Z",
      "resolved": "github:budimanjojo/talhelper/0574f072ee800297268dc77d9a6c4a8ceac9695a?lastModified=1763959863&narHash=sha256-m9BHf535wNSfDhttNKezwetf1tbblh01i00xP%2FOAuh0%3D"
    },
    "github:macropower/nur-packages#kat": {
      "last_modified": "2025-11-30T23:00:28Z",
      "resolved": "github:macropower/nur-packages/19926cd01a431289f3f65febb623918c698d10d3?lastModified=1764543628&narHash=sha256-Ogpmtiq5G7jwpq1DF0PbfIkUI4RxcQrbu4Lpy3IQ%2FIk%3D#kat"
    },
    "github:macropower/nur-packages#kcl-lsp": {
      "last_modified": "2025-08-31T20:04:57Z",
      "resolved": "github:macropower/nur-packages/1976c17814e5715ccb96a6b2d0f09b323e04980b?lastModified=1756670697&narHash=sha256-wkST8QG%2F%2BgndVJZ8zkK3jdDjJBCMcMhUFagOUuvQbpE%3D#kcl-lsp"
    },
    "github:macropower/nur-packages#kclipper": {
      "last_modified": "2025-11-25T16:58:09Z",
      "resolved": "github:macropower/nur-packages/b08d7a7aa1452c4cad430c5ca5e475c01cdf7887?lastModified=1764089889&narHash=sha256-oboPXWC%2BUa4AXoNI6TAn%2FW%2FO9E8n0rNu5c3wzhAowqE%3D#kclipper"
    },
    "go-task@3.45.5": {
      "last_modified": "2025-11-23T21:50:36Z",
      "resolved": "github:NixOS/nixpkgs/ee09932cedcef15aaf476f9343d1dea2cb77e261#go-task",
      "source": "devbox-search",
      "version": "3.45.5",
      "systems": {
        "aarch64-darwin": {
          "outputs": [
            {
              "name": "out",
              "path": "/nix/store/hq2nfh8sndri3x4z4k1j9g9wk6l0kp5q-go-task-3.45.5",
              "default": true
            }
          ],
          "store_path": "/nix/store/hq2nfh8sndri3x4z4k1j9g9wk6l0kp5q-go-task-3.45.5"
        },
        "aarch64-linux": {
          "outputs": [
            {
              "name": "out",
              "path": "/nix/store/4ac3xjjbvapdifhzqn3cj012b685bysi-go-task-3.45.5",
              "default": true
            }
          ],
          "store_path": "/nix/store/4ac3xjjbvapdifhzqn3cj012b685bysi-go-task-3.45.5"
        },
        "x86_64-darwin": {
          "outputs": [
            {
              "name": "out",
              "path": "/nix/store/57gnc0hahiawf2dmiiy6z6kxmaq2a41m-go-task-3.45.5",
              "default": true
            }
          ],
          "store_path": "/nix/store/57gnc0hahiawf2dmiiy6z6kxmaq2a41m-go-task-3.45.5"
        },
        "x86_64-linux": {
          "outputs": [
            {
              "name": "out",
              "path": "/nix/store/8j7jr4fpjlmbcyb1crr8gy00z8d768vm-go-task-3.45.5",
              "default": true
            }
          ],
          "store_path": "/nix/store/8j7jr4fpjlmbcyb1crr8gy00z8d768vm-go-task-3.45.5"
        }
      }
    },
    "go@1.25.4": {
      "last_modified": "2025-11-23T21:50:36Z",
      "resolved": "github:NixOS/nixpkgs/ee09932cedcef15aaf476f9343d1dea2cb77e261#go",
      "source": "devbox-search",
      "version": "1.25.4",
      "systems": {
        "aarch64-darwin": {
          "outputs": [
            {
              "name": "out",
              "path": "/nix/store/52f5kjcmgmvgrz3rij676b3rjmgg5l5g-go-1.25.4",
              "default": true
            }
          ],
          "store_path": "/nix/store/52f5kjcmgmvgrz3rij676b3rjmgg5l5g-go-1.25.4"
        },
        "aarch64-linux": {
          "outputs": [
            {
              "name": "out",
              "path": "/nix/store/2ajrlmz1qdpm9k9ankhnp3973wxg1gqs-go-1.25.4",
              "default": true
            }
          ],
          "store_path": "/nix/store/2ajrlmz1qdpm9k9ankhnp3973wxg1gqs-go-1.25.4"
        },
        "x86_64-darwin": {
          "outputs": [
            {
              "name": "out",
              "path": "/nix/store/1rqpvp45rl4sr1l0czrlbmv8jqj9sa7r-go-1.25.4",
              "default": true
            }
          ],
          "store_path": "/nix/store/1rqpvp45rl4sr1l0czrlbmv8jqj9sa7r-go-1.25.4"
        },
        "x86_64-linux": {
          "outputs": [
            {
              "name": "out",
              "path": "/nix/store/0a3dyfq09dnkw28ap2i450wjimvdmv6s-go-1.25.4",
              "default": true
            }
          ],
          "store_path": "/nix/store/0a3dyfq09dnkw28ap2i450wjimvdmv6s-go-1.25.4"
        }
      }
    },
    "kubeconform@0.7.0": {
      "last_modified": "2025-11-23T21:50:36Z",
      "resolved": "github:NixOS/nixpkgs/ee09932cedcef15aaf476f9343d1dea2cb77e261#kubeconform",
      "source": "devbox-search",
      "version": "0.7.0",
      "systems": {
        "aarch64-darwin": {
          "outputs": [
            {
              "name": "out",
              "path": "/nix/store/qg631z5dnxxhafkydmsbkzs10wv0ixqz-kubeconform-0.7.0",
              "default": true
            }
          ],
          "store_path": "/nix/store/qg631z5dnxxhafkydmsbkzs10wv0ixqz-kubeconform-0.7.0"
        },
        "aarch64-linux": {
          "outputs": [
            {
              "name": "out",
              "path": "/nix/store/zx29y7q7r01wzl2x8vji5qv8zamk8qi6-kubeconform-0.7.0",
              "default": true
            }
          ],
          "store_path": "/nix/store/zx29y7q7r01wzl2x8vji5qv8zamk8qi6-kubeconform-0.7.0"
        },
        "x86_64-darwin": {
          "outputs": [
            {
              "name": "out",
              "path": "/nix/store/9mxx67n9saxgqvibzizvbmj4gm3nh4li-kubeconform-0.7.0",
              "default": true
            }
          ],
          "store_path": "/nix/store/9mxx67n9saxgqvibzizvbmj4gm3nh4li-kubeconform-0.7.0"
        },
        "x86_64-linux": {
          "outputs": [
            {
              "name": "out",
              "path": "/nix/store/c7pxr2bwlr264rph1nwxwbavaji2iv4v-kubeconform-0.7.0",
              "default": true
            }
          ],
          "store_path": "/nix/store/c7pxr2bwlr264rph1nwxwbavaji2iv4v-kubeconform-0.7.0"
        }
      }
    },
    "kubernetes-helm@3.19.1": {
      "last_modified": "2025-11-23T21:50:36Z",
      "resolved": "github:NixOS/nixpkgs/ee09932cedcef15aaf476f9343d1dea2cb77e261#kubernetes-helm",
      "source": "devbox-search",
      "version": "3.19.1",
      "systems": {
        "aarch64-darwin": {
          "outputs": [
            {
              "name": "out",
              "path": "/nix/store/xx21h4bmbmhncdlhw5q7gp3wx50x0y5g-kubernetes-helm-3.19.1",
              "default": true
            }
          ],
          "store_path": "/nix/store/xx21h4bmbmhncdlhw5q7gp3wx50x0y5g-kubernetes-helm-3.19.1"
        },
        "aarch64-linux": {
          "outputs": [
            {
              "name": "out",
              "path": "/nix/store/s702f0l23v078mm6jkrbc7bx0qpjrzwm-kubernetes-helm-3.19.1",
              "default": true
            }
          ],
          "store_path": "/nix/store/s702f0l23v078mm6jkrbc7bx0qpjrzwm-kubernetes-helm-3.19.1"
        },
        "x86_64-darwin": {
          "outputs": [
            {
              "name": "out",
              "path": "/nix/store/z2is6ibqddfxx8mb1hybly00hb902h85-kubernetes-helm-3.19.1",
              "default": true
            }
          ],
          "store_path": "/nix/store/z2is6ibqddfxx8mb1hybly00hb902h85-kubernetes-helm-3.19.1"
        },
        "x86_64-linux": {
          "outputs": [
            {
              "name": "out",
              "path": "/nix/store/b7g7s0jpfs93g7s1b556166mcswbkmcx-kubernetes-helm-3.19.1",
              "default": true
            }
          ],
          "store_path": "/nix/store/b7g7s0jpfs93g7s1b556166mcswbkmcx-kubernetes-helm-3.19.1"
        }
      }
    },
    "natscli@0.3.0": {
      "last_modified": "2025-11-23T21:50:36Z",
      "resolved": "github:NixOS/nixpkgs/ee09932cedcef15aaf476f9343d1dea2cb77e261#natscli",
      "source": "devbox-search",
      "version": "0.3.0",
      "systems": {
        "aarch64-darwin": {
          "outputs": [
            {
              "name": "out",
              "path": "/nix/store/qg0n47kzdj8pc95nk7ajybrzd6c5wwjr-natscli-0.3.0",
              "default": true
            }
          ],
          "store_path": "/nix/store/qg0n47kzdj8pc95nk7ajybrzd6c5wwjr-natscli-0.3.0"
        },
        "aarch64-linux": {
          "outputs": [
            {
              "name": "out",
              "path": "/nix/store/3n9rb7fvw3a2lr9nykr5q10nqdkzafmn-natscli-0.3.0",
              "default": true
            }
          ],
          "store_path": "/nix/store/3n9rb7fvw3a2lr9nykr5q10nqdkzafmn-natscli-0.3.0"
        },
        "x86_64-darwin": {
          "outputs": [
            {
              "name": "out",
              "path": "/nix/store/fcgkag6r10bmrl5vgcwcwyyqsrj8kv1a-natscli-0.3.0",
              "default": true
            }
          ],
          "store_path": "/nix/store/fcgkag6r10bmrl5vgcwcwyyqsrj8kv1a-natscli-0.3.0"
        },
        "x86_64-linux": {
          "outputs": [
            {
              "name": "out",
              "path": "/nix/store/302pg0nxh9zrg10i4zmdjrnqyrdx6v6f-natscli-0.3.0",
              "default": true
            }
          ],
          "store_path": "/nix/store/302pg0nxh9zrg10i4zmdjrnqyrdx6v6f-natscli-0.3.0"
        }
      }
    },
    "nodePackages.prettier@3.5.3": {
      "last_modified": "2025-05-21T18:43:04Z",
      "resolved": "github:NixOS/nixpkgs/8c441601c43232976179eac52dde704c8bdf81ed#nodePackages.prettier",
      "source": "devbox-search",
      "version": "3.5.3",
      "systems": {
        "aarch64-darwin": {
          "outputs": [
            {
              "name": "out",
              "path": "/nix/store/yspchsd3ww1ddz2r5783kw8y9j0vr3r8-prettier-3.5.3",
              "default": true
            }
          ],
          "store_path": "/nix/store/yspchsd3ww1ddz2r5783kw8y9j0vr3r8-prettier-3.5.3"
        },
        "aarch64-linux": {
          "outputs": [
            {
              "name": "out",
              "path": "/nix/store/ya3imag4wkxj3g5fws96rzyzv36m74w8-prettier-3.5.3",
              "default": true
            }
          ],
          "store_path": "/nix/store/ya3imag4wkxj3g5fws96rzyzv36m74w8-prettier-3.5.3"
        },
        "x86_64-darwin": {
          "outputs": [
            {
              "name": "out",
              "path": "/nix/store/f9q2y20qa56hjzxnia0q664m0rkwwqvm-prettier-3.5.3",
              "default": true
            }
          ],
          "store_path": "/nix/store/f9q2y20qa56hjzxnia0q664m0rkwwqvm-prettier-3.5.3"
        },
        "x86_64-linux": {
          "outputs": [
            {
              "name": "out",
              "path": "/nix/store/wry9vlk19pk7izrknb980icc8gihzllx-prettier-3.5.3",
              "default": true
            }
          ],
          "store_path": "/nix/store/wry9vlk19pk7izrknb980icc8gihzllx-prettier-3.5.3"
        }
      }
    },
    "talosctl@1.11.5": {
      "last_modified": "2025-11-23T21:50:36Z",
      "resolved": "github:NixOS/nixpkgs/ee09932cedcef15aaf476f9343d1dea2cb77e261#talosctl",
      "source": "devbox-search",
      "version": "1.11.5",
      "systems": {
        "aarch64-darwin": {
          "outputs": [
            {
              "name": "out",
              "path": "/nix/store/x8bvin5hsahlinhmnxwcfk3ja8ahg6gy-talosctl-1.11.5",
              "default": true
            }
          ],
          "store_path": "/nix/store/x8bvin5hsahlinhmnxwcfk3ja8ahg6gy-talosctl-1.11.5"
        },
        "aarch64-linux": {
          "outputs": [
            {
              "name": "out",
              "path": "/nix/store/0gw571w481qrliy52b84mb9l46k0a4z0-talosctl-1.11.5",
              "default": true
            }
          ],
          "store_path": "/nix/store/0gw571w481qrliy52b84mb9l46k0a4z0-talosctl-1.11.5"
        },
        "x86_64-darwin": {
          "outputs": [
            {
              "name": "out",
              "path": "/nix/store/f1lrarslznqfhzzkc907yznrd44q1vbr-talosctl-1.11.5",
              "default": true
            }
          ],
          "store_path": "/nix/store/f1lrarslznqfhzzkc907yznrd44q1vbr-talosctl-1.11.5"
        },
        "x86_64-linux": {
          "outputs": [
            {
              "name": "out",
              "path": "/nix/store/dg0rfsp75g505lajcmkf8wdkqlaysf99-talosctl-1.11.5",
              "default": true
            }
          ],
          "store_path": "/nix/store/dg0rfsp75g505lajcmkf8wdkqlaysf99-talosctl-1.11.5"
        }
      }
    },
    "terraform@1.14.1": {
      "last_modified": "2025-12-03T20:43:00Z",
      "resolved": "github:NixOS/nixpkgs/ebc94f855ef25347c314258c10393a92794e7ab9#terraform",
      "source": "devbox-search",
      "version": "1.14.1",
      "systems": {
        "aarch64-darwin": {
          "outputs": [
            {
              "name": "out",
              "path": "/nix/store/n9dasqgxsrxaxn8mqgn3drjnfw9fv0b4-terraform-1.14.1",
              "default": true
            }
          ],
          "store_path": "/nix/store/n9dasqgxsrxaxn8mqgn3drjnfw9fv0b4-terraform-1.14.1"
        },
        "aarch64-linux": {
          "outputs": [
            {
              "name": "out",
              "path": "/nix/store/9zcqvyz5rjqd93pg33gsrsh2v8prz8hn-terraform-1.14.1",
              "default": true
            }
          ],
          "store_path": "/nix/store/9zcqvyz5rjqd93pg33gsrsh2v8prz8hn-terraform-1.14.1"
        },
        "x86_64-darwin": {
          "outputs": [
            {
              "name": "out",
              "path": "/nix/store/ldaycnkfssarabk4jv4dwahdcmd4lbv5-terraform-1.14.1",
              "default": true
            }
          ],
          "store_path": "/nix/store/ldaycnkfssarabk4jv4dwahdcmd4lbv5-terraform-1.14.1"
        },
        "x86_64-linux": {
          "outputs": [
            {
              "name": "out",
              "path": "/nix/store/b1by4apynbpjq2ggnnx9vszz7ha5qvdz-terraform-1.14.1",
              "default": true
            }
          ],
          "store_path": "/nix/store/b1by4apynbpjq2ggnnx9vszz7ha5qvdz-terraform-1.14.1"
        }
      }
    }
  }
}
