{
  "lockfile_version": "1",
  "packages": {
    "argocd@2.14.2": {
      "last_modified": "2025-03-11T17:52:14Z",
      "resolved": "github:NixOS/nixpkgs/0d534853a55b5d02a4ababa1d71921ce8f0aee4c#argocd",
      "source": "devbox-search",
      "version": "2.14.2",
      "systems": {
        "aarch64-darwin": {
          "outputs": [
            {
              "name": "out",
              "path": "/nix/store/63r59zxndrzyg7ppr2sq4k5nvs74y79i-argocd-2.14.2",
              "default": true
            }
          ],
          "store_path": "/nix/store/63r59zxndrzyg7ppr2sq4k5nvs74y79i-argocd-2.14.2"
        },
        "aarch64-linux": {
          "outputs": [
            {
              "name": "out",
              "path": "/nix/store/vq5qaw4azz65r6m7z90d09mbrik7w7ka-argocd-2.14.2",
              "default": true
            }
          ],
          "store_path": "/nix/store/vq5qaw4azz65r6m7z90d09mbrik7w7ka-argocd-2.14.2"
        },
        "x86_64-darwin": {
          "outputs": [
            {
              "name": "out",
              "path": "/nix/store/76r65bk2w9n6yhr64gv0m6n3mw0f4ldr-argocd-2.14.2",
              "default": true
            }
          ],
          "store_path": "/nix/store/76r65bk2w9n6yhr64gv0m6n3mw0f4ldr-argocd-2.14.2"
        },
        "x86_64-linux": {
          "outputs": [
            {
              "name": "out",
              "path": "/nix/store/irdzwg72vagq7235a2hr8fcvbdixw2mx-argocd-2.14.2",
              "default": true
            }
          ],
          "store_path": "/nix/store/irdzwg72vagq7235a2hr8fcvbdixw2mx-argocd-2.14.2"
        }
      }
    },
    "cilium-cli@0.18.0": {
      "last_modified": "2025-03-11T17:52:14Z",
      "resolved": "github:NixOS/nixpkgs/0d534853a55b5d02a4ababa1d71921ce8f0aee4c#cilium-cli",
      "source": "devbox-search",
      "version": "0.18.0",
      "systems": {
        "aarch64-darwin": {
          "outputs": [
            {
              "name": "out",
              "path": "/nix/store/yipsda8wcijnby3v49qaia22r8697apd-cilium-cli-0.18.0",
              "default": true
            }
          ],
          "store_path": "/nix/store/yipsda8wcijnby3v49qaia22r8697apd-cilium-cli-0.18.0"
        },
        "aarch64-linux": {
          "outputs": [
            {
              "name": "out",
              "path": "/nix/store/2gqmv4g9y0mlrr1x9m1vsxqkr4m8574h-cilium-cli-0.18.0",
              "default": true
            }
          ],
          "store_path": "/nix/store/2gqmv4g9y0mlrr1x9m1vsxqkr4m8574h-cilium-cli-0.18.0"
        },
        "x86_64-darwin": {
          "outputs": [
            {
              "name": "out",
              "path": "/nix/store/2n51i4ii6xpf746akjrsvdnrhylxkafk-cilium-cli-0.18.0",
              "default": true
            }
          ],
          "store_path": "/nix/store/2n51i4ii6xpf746akjrsvdnrhylxkafk-cilium-cli-0.18.0"
        },
        "x86_64-linux": {
          "outputs": [
            {
              "name": "out",
              "path": "/nix/store/rgnv9qd0abfahvyd5jlp1w2db0afz9w2-cilium-cli-0.18.0",
              "default": true
            }
          ],
          "store_path": "/nix/store/rgnv9qd0abfahvyd5jlp1w2db0afz9w2-cilium-cli-0.18.0"
        }
      }
    },
    "doppler@3.72.0": {
      "last_modified": "2025-03-11T17:52:14Z",
      "resolved": "github:NixOS/nixpkgs/0d534853a55b5d02a4ababa1d71921ce8f0aee4c#doppler",
      "source": "devbox-search",
      "version": "3.72.0",
      "systems": {
        "aarch64-darwin": {
          "outputs": [
            {
              "name": "out",
              "path": "/nix/store/lpvnpww1ga51knxv5245vxcbl2cj8v4a-doppler-3.72.0",
              "default": true
            }
          ],
          "store_path": "/nix/store/lpvnpww1ga51knxv5245vxcbl2cj8v4a-doppler-3.72.0"
        },
        "aarch64-linux": {
          "outputs": [
            {
              "name": "out",
              "path": "/nix/store/4ks41wbwxr2gs4lrz2gysn8w558zn90k-doppler-3.72.0",
              "default": true
            }
          ],
          "store_path": "/nix/store/4ks41wbwxr2gs4lrz2gysn8w558zn90k-doppler-3.72.0"
        },
        "x86_64-darwin": {
          "outputs": [
            {
              "name": "out",
              "path": "/nix/store/n0gjkldykfqymf0yl98azm32wl7jnp6c-doppler-3.72.0",
              "default": true
            }
          ],
          "store_path": "/nix/store/n0gjkldykfqymf0yl98azm32wl7jnp6c-doppler-3.72.0"
        },
        "x86_64-linux": {
          "outputs": [
            {
              "name": "out",
              "path": "/nix/store/l3knxyhmrsb6w1jpml1ma13llw68f690-doppler-3.72.0",
              "default": true
            }
          ],
          "store_path": "/nix/store/l3knxyhmrsb6w1jpml1ma13llw68f690-doppler-3.72.0"
        }
      }
    },
    "git@2.48.1": {
      "last_modified": "2025-03-11T17:52:14Z",
      "resolved": "github:NixOS/nixpkgs/0d534853a55b5d02a4ababa1d71921ce8f0aee4c#git",
      "source": "devbox-search",
      "version": "2.48.1",
      "systems": {
        "aarch64-darwin": {
          "outputs": [
            {
              "name": "out",
              "path": "/nix/store/b3sci30zzzlj3rzj1y89cijnd6zcwapk-git-2.48.1",
              "default": true
            },
            {
              "name": "doc",
              "path": "/nix/store/086knqdw7fjgzczp0i6nad95s2v6jbya-git-2.48.1-doc"
            }
          ],
          "store_path": "/nix/store/b3sci30zzzlj3rzj1y89cijnd6zcwapk-git-2.48.1"
        },
        "aarch64-linux": {
          "outputs": [
            {
              "name": "out",
              "path": "/nix/store/pck1dr5jxrd5b8nmfasbn13z422jhcfm-git-2.48.1",
              "default": true
            },
            {
              "name": "debug",
              "path": "/nix/store/xqqsvzlilh843rm6knykyng81apapr33-git-2.48.1-debug"
            },
            {
              "name": "doc",
              "path": "/nix/store/485b32ys0s2dvjfisn7405ildmpqvfzk-git-2.48.1-doc"
            }
          ],
          "store_path": "/nix/store/pck1dr5jxrd5b8nmfasbn13z422jhcfm-git-2.48.1"
        },
        "x86_64-darwin": {
          "outputs": [
            {
              "name": "out",
              "path": "/nix/store/9qjzgsf9mvdp6sfd7xyzhgrahl2qhhp6-git-2.48.1",
              "default": true
            },
            {
              "name": "doc",
              "path": "/nix/store/cgv7qa0ix059ma9a0qac0bywfvl3k7k2-git-2.48.1-doc"
            }
          ],
          "store_path": "/nix/store/9qjzgsf9mvdp6sfd7xyzhgrahl2qhhp6-git-2.48.1"
        },
        "x86_64-linux": {
          "outputs": [
            {
              "name": "out",
              "path": "/nix/store/lqx2rv26sdndpa2vyy2vxsahj03km69z-git-2.48.1",
              "default": true
            },
            {
              "name": "doc",
              "path": "/nix/store/hjczhs1dm3hzij7mx5c91rkzqvkb89av-git-2.48.1-doc"
            },
            {
              "name": "debug",
              "path": "/nix/store/bk8xndavdnc2qgyvc6hcc8h29lk9jzqb-git-2.48.1-debug"
            }
          ],
          "store_path": "/nix/store/lqx2rv26sdndpa2vyy2vxsahj03km69z-git-2.48.1"
        }
      }
    },
    "github:NixOS/nixpkgs/nixpkgs-unstable": {
      "last_modified": "2025-07-25T08:26:56Z",
      "resolved": "github:NixOS/nixpkgs/6027c30c8e9810896b92429f0092f624f7b1aace?lastModified=1753432016&narHash=sha256-cnL5WWn%2FxkZoyH%2F03NNUS7QgW5vI7D1i74g48qplCvg%3D"
    },
    "github:budimanjojo/talhelper/v3.0.31": {
      "last_modified": "2025-07-22T03:26:56Z",
      "resolved": "github:budimanjojo/talhelper/fbf6089203b3556b0a929f742985997630859f47?lastModified=1753154816&narHash=sha256-%2FcUW9TzUCNBa%2FJ5GpadzZr%2BM1K0tIJoYe7g2T3z3kJo%3D"
    },
    "github:macropower/nur-packages#kat": {
      "last_modified": "2025-07-27T16:42:43Z",
      "resolved": "github:macropower/nur-packages/6ad9dc49a251c39cc3d6fb4b8b0622ad47f5ecc6?lastModified=1753634563&narHash=sha256-05a7Aftzovj3XXOT8aAqBVn590gLqW3wKbR04kk2JCk%3D#kat"
    },
    "github:macropower/nur-packages#kcl-lsp": {
      "last_modified": "2025-07-28T02:05:10Z",
      "resolved": "github:macropower/nur-packages/83b9b2913b6657324bf883136773ec831def759a?lastModified=1753668310&narHash=sha256-3FYABMZqZY9UQ4t9BNF2xTsyXStpYgTa9oQMAnQ5bPw%3D#kcl-lsp"
    },
    "github:macropower/nur-packages#kclipper": {
      "last_modified": "2025-07-27T17:00:26Z",
      "resolved": "github:macropower/nur-packages/014f519936152640cb52336f0e0f0b589f25137f?lastModified=1753635626&narHash=sha256-H4JkVo8qo96n6JcOLBLp1lDfxL3uPMQHuQ9FG58dCZc%3D#kclipper"
    },
    "go-task@3.41.0": {
      "last_modified": "2025-04-17T05:47:26Z",
      "resolved": "github:NixOS/nixpkgs/ebe4301cbd8f81c4f8d3244b3632338bbeb6d49c#go-task",
      "source": "devbox-search",
      "version": "3.41.0",
      "systems": {
        "aarch64-darwin": {
          "outputs": [
            {
              "name": "out",
              "path": "/nix/store/zz0ydwqf8s4dmdrhrd2i8h467mxsdgib-go-task-3.41.0",
              "default": true
            }
          ],
          "store_path": "/nix/store/zz0ydwqf8s4dmdrhrd2i8h467mxsdgib-go-task-3.41.0"
        },
        "aarch64-linux": {
          "outputs": [
            {
              "name": "out",
              "path": "/nix/store/gw5m0vszm1arqri0f23x2myhn48njy8a-go-task-3.41.0",
              "default": true
            }
          ],
          "store_path": "/nix/store/gw5m0vszm1arqri0f23x2myhn48njy8a-go-task-3.41.0"
        },
        "x86_64-darwin": {
          "outputs": [
            {
              "name": "out",
              "path": "/nix/store/hyp3mswald858k3kpbyc63h4dz2xfl18-go-task-3.41.0",
              "default": true
            }
          ],
          "store_path": "/nix/store/hyp3mswald858k3kpbyc63h4dz2xfl18-go-task-3.41.0"
        },
        "x86_64-linux": {
          "outputs": [
            {
              "name": "out",
              "path": "/nix/store/h39sp829c75dccfp5jk8a5aqap4gpn8m-go-task-3.41.0",
              "default": true
            }
          ],
          "store_path": "/nix/store/h39sp829c75dccfp5jk8a5aqap4gpn8m-go-task-3.41.0"
        }
      }
    },
    "kubeconform@0.6.7": {
      "last_modified": "2025-05-12T14:38:58Z",
      "resolved": "github:NixOS/nixpkgs/eaeed9530c76ce5f1d2d8232e08bec5e26f18ec1#kubeconform",
      "source": "devbox-search",
      "version": "0.6.7",
      "systems": {
        "aarch64-darwin": {
          "outputs": [
            {
              "name": "out",
              "path": "/nix/store/0xy4hdv20mj4h99qybdwv24mydmjgkrn-kubeconform-0.6.7",
              "default": true
            }
          ],
          "store_path": "/nix/store/0xy4hdv20mj4h99qybdwv24mydmjgkrn-kubeconform-0.6.7"
        },
        "aarch64-linux": {
          "outputs": [
            {
              "name": "out",
              "path": "/nix/store/72f1zk50h6hyqkazsyvl2wh7j86cc09d-kubeconform-0.6.7",
              "default": true
            }
          ],
          "store_path": "/nix/store/72f1zk50h6hyqkazsyvl2wh7j86cc09d-kubeconform-0.6.7"
        },
        "x86_64-darwin": {
          "outputs": [
            {
              "name": "out",
              "path": "/nix/store/gaw0cjhbzzakl598xscnlxjynwndxbsb-kubeconform-0.6.7",
              "default": true
            }
          ],
          "store_path": "/nix/store/gaw0cjhbzzakl598xscnlxjynwndxbsb-kubeconform-0.6.7"
        },
        "x86_64-linux": {
          "outputs": [
            {
              "name": "out",
              "path": "/nix/store/nh3gh60ankn2j94rz8k2fiz2y3syqqfg-kubeconform-0.6.7",
              "default": true
            }
          ],
          "store_path": "/nix/store/nh3gh60ankn2j94rz8k2fiz2y3syqqfg-kubeconform-0.6.7"
        }
      }
    },
    "kubernetes-helm@3.17.1": {
      "last_modified": "2025-02-23T09:42:26Z",
      "resolved": "github:NixOS/nixpkgs/2d068ae5c6516b2d04562de50a58c682540de9bf#kubernetes-helm",
      "source": "devbox-search",
      "version": "3.17.1",
      "systems": {
        "aarch64-darwin": {
          "outputs": [
            {
              "name": "out",
              "path": "/nix/store/bzzy1zzckgl7sxr7jnsgf5vkskzd0qgv-kubernetes-helm-3.17.1",
              "default": true
            }
          ],
          "store_path": "/nix/store/bzzy1zzckgl7sxr7jnsgf5vkskzd0qgv-kubernetes-helm-3.17.1"
        },
        "aarch64-linux": {
          "outputs": [
            {
              "name": "out",
              "path": "/nix/store/w1yy5hhh6idsryy0ssigwrbazxa4kfkz-kubernetes-helm-3.17.1",
              "default": true
            }
          ],
          "store_path": "/nix/store/w1yy5hhh6idsryy0ssigwrbazxa4kfkz-kubernetes-helm-3.17.1"
        },
        "x86_64-darwin": {
          "outputs": [
            {
              "name": "out",
              "path": "/nix/store/5gr6payf3vxbz9sa8hzq1qxdmy55vl2c-kubernetes-helm-3.17.1",
              "default": true
            }
          ],
          "store_path": "/nix/store/5gr6payf3vxbz9sa8hzq1qxdmy55vl2c-kubernetes-helm-3.17.1"
        },
        "x86_64-linux": {
          "outputs": [
            {
              "name": "out",
              "path": "/nix/store/0imwrqzcfw7zxfz6pf3iifmbhasmvay5-kubernetes-helm-3.17.1",
              "default": true
            }
          ],
          "store_path": "/nix/store/0imwrqzcfw7zxfz6pf3iifmbhasmvay5-kubernetes-helm-3.17.1"
        }
      }
    },
    "kyverno@1.13.4": {
      "last_modified": "2025-04-17T05:47:26Z",
      "resolved": "github:NixOS/nixpkgs/ebe4301cbd8f81c4f8d3244b3632338bbeb6d49c#kyverno",
      "source": "devbox-search",
      "version": "1.13.4",
      "systems": {
        "aarch64-darwin": {
          "outputs": [
            {
              "name": "out",
              "path": "/nix/store/mlyn23j5bf2lnn66d155z6ra91ggvw3d-kyverno-1.13.4",
              "default": true
            }
          ],
          "store_path": "/nix/store/mlyn23j5bf2lnn66d155z6ra91ggvw3d-kyverno-1.13.4"
        },
        "aarch64-linux": {
          "outputs": [
            {
              "name": "out",
              "path": "/nix/store/3n6gq1na5lhvzfqlf2dgxxq0hywm1h4j-kyverno-1.13.4",
              "default": true
            }
          ],
          "store_path": "/nix/store/3n6gq1na5lhvzfqlf2dgxxq0hywm1h4j-kyverno-1.13.4"
        },
        "x86_64-darwin": {
          "outputs": [
            {
              "name": "out",
              "path": "/nix/store/2c628gjj14xsl7rbnh89hwvfmylb8mml-kyverno-1.13.4",
              "default": true
            }
          ],
          "store_path": "/nix/store/2c628gjj14xsl7rbnh89hwvfmylb8mml-kyverno-1.13.4"
        },
        "x86_64-linux": {
          "outputs": [
            {
              "name": "out",
              "path": "/nix/store/4ivg3363xy8npvmqw80rqgvv1ncrk1xk-kyverno-1.13.4",
              "default": true
            }
          ],
          "store_path": "/nix/store/4ivg3363xy8npvmqw80rqgvv1ncrk1xk-kyverno-1.13.4"
        }
      }
    },
    "natscli@0.1.6": {
      "last_modified": "2025-03-23T05:31:05Z",
      "resolved": "github:NixOS/nixpkgs/dd613136ee91f67e5dba3f3f41ac99ae89c5406b#natscli",
      "source": "devbox-search",
      "version": "0.1.6",
      "systems": {
        "aarch64-darwin": {
          "outputs": [
            {
              "name": "out",
              "path": "/nix/store/ys7wkbr8wqzcdqcw9rc7ii36ri1ckm3s-natscli-0.1.6",
              "default": true
            }
          ],
          "store_path": "/nix/store/ys7wkbr8wqzcdqcw9rc7ii36ri1ckm3s-natscli-0.1.6"
        },
        "aarch64-linux": {
          "outputs": [
            {
              "name": "out",
              "path": "/nix/store/plkk0dp4is45x5n7y1dzzd12hwh4xcjy-natscli-0.1.6",
              "default": true
            }
          ],
          "store_path": "/nix/store/plkk0dp4is45x5n7y1dzzd12hwh4xcjy-natscli-0.1.6"
        },
        "x86_64-darwin": {
          "outputs": [
            {
              "name": "out",
              "path": "/nix/store/2qfsgbhfyqnhph19hjfpq0gdy73yhs0v-natscli-0.1.6",
              "default": true
            }
          ],
          "store_path": "/nix/store/2qfsgbhfyqnhph19hjfpq0gdy73yhs0v-natscli-0.1.6"
        },
        "x86_64-linux": {
          "outputs": [
            {
              "name": "out",
              "path": "/nix/store/4msypx95l1pnyi7z6wwvhvg9hbvx9hp2-natscli-0.1.6",
              "default": true
            }
          ],
          "store_path": "/nix/store/4msypx95l1pnyi7z6wwvhvg9hbvx9hp2-natscli-0.1.6"
        }
      }
    },
    "nodePackages.prettier@3.5.2": {
      "last_modified": "2025-03-11T17:52:14Z",
      "resolved": "github:NixOS/nixpkgs/0d534853a55b5d02a4ababa1d71921ce8f0aee4c#nodePackages.prettier",
      "source": "devbox-search",
      "version": "3.5.2",
      "systems": {
        "aarch64-darwin": {
          "outputs": [
            {
              "name": "out",
              "path": "/nix/store/fchnppwy0d7hjjfjxr6gxscgh0vs9ffa-prettier-3.5.2",
              "default": true
            }
          ],
          "store_path": "/nix/store/fchnppwy0d7hjjfjxr6gxscgh0vs9ffa-prettier-3.5.2"
        },
        "aarch64-linux": {
          "outputs": [
            {
              "name": "out",
              "path": "/nix/store/raz43q27gv3ra4l1ywfdaqzxal8p096n-prettier-3.5.2",
              "default": true
            }
          ],
          "store_path": "/nix/store/raz43q27gv3ra4l1ywfdaqzxal8p096n-prettier-3.5.2"
        },
        "x86_64-darwin": {
          "outputs": [
            {
              "name": "out",
              "path": "/nix/store/y56zfjcqdxfv96sgicsx613d3c6j0z9z-prettier-3.5.2",
              "default": true
            }
          ],
          "store_path": "/nix/store/y56zfjcqdxfv96sgicsx613d3c6j0z9z-prettier-3.5.2"
        },
        "x86_64-linux": {
          "outputs": [
            {
              "name": "out",
              "path": "/nix/store/qc57vgkvs7dl8zzzk8cibc2wjgl2v3w2-prettier-3.5.2",
              "default": true
            }
          ],
          "store_path": "/nix/store/qc57vgkvs7dl8zzzk8cibc2wjgl2v3w2-prettier-3.5.2"
        }
      }
    },
    "talosctl@1.9.4": {
      "last_modified": "2025-03-11T17:52:14Z",
      "resolved": "github:NixOS/nixpkgs/0d534853a55b5d02a4ababa1d71921ce8f0aee4c#talosctl",
      "source": "devbox-search",
      "version": "1.9.4",
      "systems": {
        "aarch64-darwin": {
          "outputs": [
            {
              "name": "out",
              "path": "/nix/store/nr3ysbixf8yzagyb62bvcx8l6gal39hx-talosctl-1.9.4",
              "default": true
            }
          ],
          "store_path": "/nix/store/nr3ysbixf8yzagyb62bvcx8l6gal39hx-talosctl-1.9.4"
        },
        "aarch64-linux": {
          "outputs": [
            {
              "name": "out",
              "path": "/nix/store/ad0qjkwgy2gcz5f1n37x01gcijzysazv-talosctl-1.9.4",
              "default": true
            }
          ],
          "store_path": "/nix/store/ad0qjkwgy2gcz5f1n37x01gcijzysazv-talosctl-1.9.4"
        },
        "x86_64-darwin": {
          "outputs": [
            {
              "name": "out",
              "path": "/nix/store/np6z6ay7phzaxinlighirxlrp8sx15q5-talosctl-1.9.4",
              "default": true
            }
          ],
          "store_path": "/nix/store/np6z6ay7phzaxinlighirxlrp8sx15q5-talosctl-1.9.4"
        },
        "x86_64-linux": {
          "outputs": [
            {
              "name": "out",
              "path": "/nix/store/lfqrzck93i4865615yv8kz6k60r4pg5m-talosctl-1.9.4",
              "default": true
            }
          ],
          "store_path": "/nix/store/lfqrzck93i4865615yv8kz6k60r4pg5m-talosctl-1.9.4"
        }
      }
    },
    "terraform@1.11.0": {
      "last_modified": "2025-02-28T17:02:31Z",
      "resolved": "github:NixOS/nixpkgs/5954d3359cc7178623da6c7fd23dc7f7504d7187#terraform",
      "source": "devbox-search",
      "version": "1.11.0",
      "systems": {
        "aarch64-darwin": {
          "outputs": [
            {
              "name": "out",
              "path": "/nix/store/k94m5w7j0i7cbw3iqylrhqhz5pc5w71x-terraform-1.11.0",
              "default": true
            }
          ],
          "store_path": "/nix/store/k94m5w7j0i7cbw3iqylrhqhz5pc5w71x-terraform-1.11.0"
        },
        "aarch64-linux": {
          "outputs": [
            {
              "name": "out",
              "path": "/nix/store/44xylmz4247f9xz4dk7569knsxnjwicy-terraform-1.11.0",
              "default": true
            }
          ],
          "store_path": "/nix/store/44xylmz4247f9xz4dk7569knsxnjwicy-terraform-1.11.0"
        },
        "x86_64-darwin": {
          "outputs": [
            {
              "name": "out",
              "path": "/nix/store/6dzck452jdci1nm6642lmwh3rshjp6da-terraform-1.11.0",
              "default": true
            }
          ],
          "store_path": "/nix/store/6dzck452jdci1nm6642lmwh3rshjp6da-terraform-1.11.0"
        },
        "x86_64-linux": {
          "outputs": [
            {
              "name": "out",
              "path": "/nix/store/hk3y36laijnmf1fs5czgqql1kgkpg8zj-terraform-1.11.0",
              "default": true
            }
          ],
          "store_path": "/nix/store/hk3y36laijnmf1fs5czgqql1kgkpg8zj-terraform-1.11.0"
        }
      }
    }
  }
}
