{
  "lockfile_version": "1",
  "packages": {
    "argocd@3.1.9": {
      "last_modified": "2026-01-23T17:20:52Z",
      "resolved": "github:NixOS/nixpkgs/a1bab9e494f5f4939442a57a58d0449a109593fe#argocd",
      "source": "devbox-search",
      "version": "3.1.9",
      "systems": {
        "aarch64-darwin": {
          "outputs": [
            {
              "name": "out",
              "path": "/nix/store/f7m74b6g04lhl23cwsr6297yhq38rck7-argocd-3.1.9",
              "default": true
            }
          ],
          "store_path": "/nix/store/f7m74b6g04lhl23cwsr6297yhq38rck7-argocd-3.1.9"
        },
        "aarch64-linux": {
          "outputs": [
            {
              "name": "out",
              "path": "/nix/store/ibam94c9chynxw2sxklxgvdhfibmbb3q-argocd-3.1.9",
              "default": true
            }
          ],
          "store_path": "/nix/store/ibam94c9chynxw2sxklxgvdhfibmbb3q-argocd-3.1.9"
        },
        "x86_64-darwin": {
          "outputs": [
            {
              "name": "out",
              "path": "/nix/store/rgf8w2aj9hq9b93a6251m93qg0q6qkc6-argocd-3.1.9",
              "default": true
            }
          ],
          "store_path": "/nix/store/rgf8w2aj9hq9b93a6251m93qg0q6qkc6-argocd-3.1.9"
        },
        "x86_64-linux": {
          "outputs": [
            {
              "name": "out",
              "path": "/nix/store/56mh3sr2q9wdss3z0iklp2cir2i3nfrh-argocd-3.1.9",
              "default": true
            }
          ],
          "store_path": "/nix/store/56mh3sr2q9wdss3z0iklp2cir2i3nfrh-argocd-3.1.9"
        }
      }
    },
    "auth0-cli@1.23.0": {
      "last_modified": "2025-11-23T21:50:36Z",
      "resolved": "github:NixOS/nixpkgs/ee09932cedcef15aaf476f9343d1dea2cb77e261#auth0-cli",
      "source": "devbox-search",
      "version": "1.23.0",
      "systems": {
        "aarch64-darwin": {
          "outputs": [
            {
              "name": "out",
              "path": "/nix/store/3qlfiyskys37mcbp0zd7d2pfw3iyi710-auth0-cli-1.23.0",
              "default": true
            }
          ],
          "store_path": "/nix/store/3qlfiyskys37mcbp0zd7d2pfw3iyi710-auth0-cli-1.23.0"
        },
        "aarch64-linux": {
          "outputs": [
            {
              "name": "out",
              "path": "/nix/store/8isaqrsc4cybdfam1fjhfpra7n0a5sxk-auth0-cli-1.23.0",
              "default": true
            }
          ],
          "store_path": "/nix/store/8isaqrsc4cybdfam1fjhfpra7n0a5sxk-auth0-cli-1.23.0"
        },
        "x86_64-darwin": {
          "outputs": [
            {
              "name": "out",
              "path": "/nix/store/l0409miqy01zb1wx7ssw3c1wija80s4a-auth0-cli-1.23.0",
              "default": true
            }
          ],
          "store_path": "/nix/store/l0409miqy01zb1wx7ssw3c1wija80s4a-auth0-cli-1.23.0"
        },
        "x86_64-linux": {
          "outputs": [
            {
              "name": "out",
              "path": "/nix/store/shqpz99ad9a8qzy53s82f1zcwlpwbq31-auth0-cli-1.23.0",
              "default": true
            }
          ],
          "store_path": "/nix/store/shqpz99ad9a8qzy53s82f1zcwlpwbq31-auth0-cli-1.23.0"
        }
      }
    },
    "cilium-cli@0.18.8": {
      "last_modified": "2026-01-23T17:20:52Z",
      "resolved": "github:NixOS/nixpkgs/a1bab9e494f5f4939442a57a58d0449a109593fe#cilium-cli",
      "source": "devbox-search",
      "version": "0.18.8",
      "systems": {
        "aarch64-darwin": {
          "outputs": [
            {
              "name": "out",
              "path": "/nix/store/2nipdq055r4w1ypdl9j8zvbbx8l3bbyb-cilium-cli-0.18.8",
              "default": true
            }
          ],
          "store_path": "/nix/store/2nipdq055r4w1ypdl9j8zvbbx8l3bbyb-cilium-cli-0.18.8"
        },
        "aarch64-linux": {
          "outputs": [
            {
              "name": "out",
              "path": "/nix/store/ixrnpg17y2i8qcslpxczxs6sm2ln9r8g-cilium-cli-0.18.8",
              "default": true
            }
          ],
          "store_path": "/nix/store/ixrnpg17y2i8qcslpxczxs6sm2ln9r8g-cilium-cli-0.18.8"
        },
        "x86_64-darwin": {
          "outputs": [
            {
              "name": "out",
              "path": "/nix/store/ydj918g3lpgry99clrjbhl37f2rbbpin-cilium-cli-0.18.8",
              "default": true
            }
          ],
          "store_path": "/nix/store/ydj918g3lpgry99clrjbhl37f2rbbpin-cilium-cli-0.18.8"
        },
        "x86_64-linux": {
          "outputs": [
            {
              "name": "out",
              "path": "/nix/store/rhmrhvs4kx6bblxg3imp9fh1k43wh7aq-cilium-cli-0.18.8",
              "default": true
            }
          ],
          "store_path": "/nix/store/rhmrhvs4kx6bblxg3imp9fh1k43wh7aq-cilium-cli-0.18.8"
        }
      }
    },
    "doppler@3.75.2": {
      "last_modified": "2026-01-30T02:32:49Z",
      "resolved": "github:NixOS/nixpkgs/6308c3b21396534d8aaeac46179c14c439a89b8a#doppler",
      "source": "devbox-search",
      "version": "3.75.2",
      "systems": {
        "aarch64-darwin": {
          "outputs": [
            {
              "name": "out",
              "path": "/nix/store/wiajzvizxi5dh9vdx3gx3nzh9xdjcfbd-doppler-3.75.2",
              "default": true
            }
          ],
          "store_path": "/nix/store/wiajzvizxi5dh9vdx3gx3nzh9xdjcfbd-doppler-3.75.2"
        },
        "aarch64-linux": {
          "outputs": [
            {
              "name": "out",
              "path": "/nix/store/xyq7sqj0d5g7zc4z4a2yyyp3ma55inn2-doppler-3.75.2",
              "default": true
            }
          ],
          "store_path": "/nix/store/xyq7sqj0d5g7zc4z4a2yyyp3ma55inn2-doppler-3.75.2"
        },
        "x86_64-darwin": {
          "outputs": [
            {
              "name": "out",
              "path": "/nix/store/zj8fb3siqvpircjsflpz7vzr5nsf2jxw-doppler-3.75.2",
              "default": true
            }
          ],
          "store_path": "/nix/store/zj8fb3siqvpircjsflpz7vzr5nsf2jxw-doppler-3.75.2"
        },
        "x86_64-linux": {
          "outputs": [
            {
              "name": "out",
              "path": "/nix/store/l1xxizv1g2givmrjp6qsc6mjia0g752w-doppler-3.75.2",
              "default": true
            }
          ],
          "store_path": "/nix/store/l1xxizv1g2givmrjp6qsc6mjia0g752w-doppler-3.75.2"
        }
      }
    },
    "git+https://nur.jacobcolvin.com#kat": {
      "last_modified": "2025-11-30T23:00:28Z",
      "resolved": "git+https://nur.jacobcolvin.com?ref=refs%2Fheads%2Fmain&rev=19926cd01a431289f3f65febb623918c698d10d3#kat"
    },
    "git+https://nur.jacobcolvin.com#kcl-lsp": {
      "last_modified": "2025-11-30T23:00:28Z",
      "resolved": "git+https://nur.jacobcolvin.com?ref=refs%2Fheads%2Fmain&rev=19926cd01a431289f3f65febb623918c698d10d3#kcl-lsp"
    },
    "git+https://nur.jacobcolvin.com#kclipper": {
      "last_modified": "2025-11-30T23:00:28Z",
      "resolved": "git+https://nur.jacobcolvin.com?ref=refs%2Fheads%2Fmain&rev=19926cd01a431289f3f65febb623918c698d10d3#kclipper"
    },
    "git@2.51.2": {
      "last_modified": "2025-11-23T21:50:36Z",
      "resolved": "github:NixOS/nixpkgs/ee09932cedcef15aaf476f9343d1dea2cb77e261#git",
      "source": "devbox-search",
      "version": "2.51.2",
      "systems": {
        "aarch64-darwin": {
          "outputs": [
            {
              "name": "out",
              "path": "/nix/store/x34bh6s6ighg7lb74nkjbx3nx52zj0j9-git-2.51.2",
              "default": true
            },
            {
              "name": "doc",
              "path": "/nix/store/6wnscv0364r6430qmx33nn927dlw2vnf-git-2.51.2-doc"
            }
          ],
          "store_path": "/nix/store/x34bh6s6ighg7lb74nkjbx3nx52zj0j9-git-2.51.2"
        },
        "aarch64-linux": {
          "outputs": [
            {
              "name": "out",
              "path": "/nix/store/gzdcfmx2p9nvd4z21b6ns00cp4sv1d2h-git-2.51.2",
              "default": true
            },
            {
              "name": "debug",
              "path": "/nix/store/5l5ln59lpi4qv2qm59aqchlz32j9zcm9-git-2.51.2-debug"
            },
            {
              "name": "doc",
              "path": "/nix/store/w28mqxb1bd51f5rwh5127pvbp31lnqmv-git-2.51.2-doc"
            }
          ],
          "store_path": "/nix/store/gzdcfmx2p9nvd4z21b6ns00cp4sv1d2h-git-2.51.2"
        },
        "x86_64-darwin": {
          "outputs": [
            {
              "name": "out",
              "path": "/nix/store/zz5xiyzpnn06cdgw1xnlvs1sbly5247r-git-2.51.2",
              "default": true
            },
            {
              "name": "doc",
              "path": "/nix/store/vrisnm56c5v8mzbv55yrq28wgkvga8nm-git-2.51.2-doc"
            }
          ],
          "store_path": "/nix/store/zz5xiyzpnn06cdgw1xnlvs1sbly5247r-git-2.51.2"
        },
        "x86_64-linux": {
          "outputs": [
            {
              "name": "out",
              "path": "/nix/store/4qhdhmi7pzgad0zfd7c5lsg235mbf9hv-git-2.51.2",
              "default": true
            },
            {
              "name": "debug",
              "path": "/nix/store/pjr2vd588sxa47glfg0ky0df3vk79dcs-git-2.51.2-debug"
            },
            {
              "name": "doc",
              "path": "/nix/store/9k6ivrdddy9s3z1hiwgavl0kfr2czgav-git-2.51.2-doc"
            }
          ],
          "store_path": "/nix/store/4qhdhmi7pzgad0zfd7c5lsg235mbf9hv-git-2.51.2"
        }
      }
    },
    "github:NixOS/nixpkgs/nixpkgs-unstable": {
      "last_modified": "2026-01-30T02:32:49Z",
      "resolved": "github:NixOS/nixpkgs/6308c3b21396534d8aaeac46179c14c439a89b8a?lastModified=1769740369&narHash=sha256-xKPyJoMoXfXpDM5DFDZDsi9PHArf2k5BJjvReYXoFpM%3D"
    },
    "github:budimanjojo/talhelper/v3.0.41": {
      "last_modified": "2025-11-24T04:51:03Z",
      "resolved": "github:budimanjojo/talhelper/0574f072ee800297268dc77d9a6c4a8ceac9695a?lastModified=1763959863&narHash=sha256-m9BHf535wNSfDhttNKezwetf1tbblh01i00xP%2FOAuh0%3D"
    },
    "go-task@3.48.0": {
      "last_modified": "2026-02-02T23:09:17Z",
      "resolved": "github:NixOS/nixpkgs/47472570b1e607482890801aeaf29bfb749884f6#go-task",
      "source": "devbox-search",
      "version": "3.48.0",
      "systems": {
        "aarch64-darwin": {
          "outputs": [
            {
              "name": "out",
              "path": "/nix/store/xcbnv9rgpbrrbjc9rhcryn29fkapyy7a-go-task-3.48.0",
              "default": true
            }
          ],
          "store_path": "/nix/store/xcbnv9rgpbrrbjc9rhcryn29fkapyy7a-go-task-3.48.0"
        },
        "aarch64-linux": {
          "outputs": [
            {
              "name": "out",
              "path": "/nix/store/ncpxzr2h6wmbw3x1rk64wbpdrdk7hnc5-go-task-3.48.0",
              "default": true
            }
          ],
          "store_path": "/nix/store/ncpxzr2h6wmbw3x1rk64wbpdrdk7hnc5-go-task-3.48.0"
        },
        "x86_64-darwin": {
          "outputs": [
            {
              "name": "out",
              "path": "/nix/store/xvrsali850p07x38l7vg337nfmy8sf4d-go-task-3.48.0",
              "default": true
            }
          ],
          "store_path": "/nix/store/xvrsali850p07x38l7vg337nfmy8sf4d-go-task-3.48.0"
        },
        "x86_64-linux": {
          "outputs": [
            {
              "name": "out",
              "path": "/nix/store/5aa1yhiq2vx8widj750xb8b7rp21xrwn-go-task-3.48.0",
              "default": true
            }
          ],
          "store_path": "/nix/store/5aa1yhiq2vx8widj750xb8b7rp21xrwn-go-task-3.48.0"
        }
      }
    },
    "go@1.25.5": {
      "last_modified": "2026-01-23T17:20:52Z",
      "resolved": "github:NixOS/nixpkgs/a1bab9e494f5f4939442a57a58d0449a109593fe#go",
      "source": "devbox-search",
      "version": "1.25.5",
      "systems": {
        "aarch64-darwin": {
          "outputs": [
            {
              "name": "out",
              "path": "/nix/store/wh88zz6r1ihcp2mm7ys1f2anp8aga6n2-go-1.25.5",
              "default": true
            }
          ],
          "store_path": "/nix/store/wh88zz6r1ihcp2mm7ys1f2anp8aga6n2-go-1.25.5"
        },
        "aarch64-linux": {
          "outputs": [
            {
              "name": "out",
              "path": "/nix/store/k3knzdi0v21bf2m7vcxpdy1jnqg1h0zk-go-1.25.5",
              "default": true
            }
          ],
          "store_path": "/nix/store/k3knzdi0v21bf2m7vcxpdy1jnqg1h0zk-go-1.25.5"
        },
        "x86_64-darwin": {
          "outputs": [
            {
              "name": "out",
              "path": "/nix/store/bwdahzajhqd5x14dbvkqww5f1wpsxif3-go-1.25.5",
              "default": true
            }
          ],
          "store_path": "/nix/store/bwdahzajhqd5x14dbvkqww5f1wpsxif3-go-1.25.5"
        },
        "x86_64-linux": {
          "outputs": [
            {
              "name": "out",
              "path": "/nix/store/zzvsjgylnphvhms3lgr2qlwdxmc68z66-go-1.25.5",
              "default": true
            }
          ],
          "store_path": "/nix/store/zzvsjgylnphvhms3lgr2qlwdxmc68z66-go-1.25.5"
        }
      }
    },
    "kubeconform@0.7.0": {
      "last_modified": "2026-01-23T17:20:52Z",
      "resolved": "github:NixOS/nixpkgs/a1bab9e494f5f4939442a57a58d0449a109593fe#kubeconform",
      "source": "devbox-search",
      "version": "0.7.0",
      "systems": {
        "aarch64-darwin": {
          "outputs": [
            {
              "name": "out",
              "path": "/nix/store/qvqndw5ygz3jip66cdlvidfqb79vcbak-kubeconform-0.7.0",
              "default": true
            }
          ],
          "store_path": "/nix/store/qvqndw5ygz3jip66cdlvidfqb79vcbak-kubeconform-0.7.0"
        },
        "aarch64-linux": {
          "outputs": [
            {
              "name": "out",
              "path": "/nix/store/ciaz45dx0f0zb4xxfydic1qqjn0whsrb-kubeconform-0.7.0",
              "default": true
            }
          ],
          "store_path": "/nix/store/ciaz45dx0f0zb4xxfydic1qqjn0whsrb-kubeconform-0.7.0"
        },
        "x86_64-darwin": {
          "outputs": [
            {
              "name": "out",
              "path": "/nix/store/znl4vpx0f1y4sg96a2h90brwirmvm7ns-kubeconform-0.7.0",
              "default": true
            }
          ],
          "store_path": "/nix/store/znl4vpx0f1y4sg96a2h90brwirmvm7ns-kubeconform-0.7.0"
        },
        "x86_64-linux": {
          "outputs": [
            {
              "name": "out",
              "path": "/nix/store/1pgf8x6jwgb1cbx28x98jsgff6bgwyjd-kubeconform-0.7.0",
              "default": true
            }
          ],
          "store_path": "/nix/store/1pgf8x6jwgb1cbx28x98jsgff6bgwyjd-kubeconform-0.7.0"
        }
      }
    },
    "kubernetes-helm@3.19.1": {
      "last_modified": "2026-01-23T17:20:52Z",
      "resolved": "github:NixOS/nixpkgs/a1bab9e494f5f4939442a57a58d0449a109593fe#kubernetes-helm",
      "source": "devbox-search",
      "version": "3.19.1",
      "systems": {
        "aarch64-darwin": {
          "outputs": [
            {
              "name": "out",
              "path": "/nix/store/gw5jvq4r17iqh751g7v71svxb3ncq7si-kubernetes-helm-3.19.1",
              "default": true
            }
          ],
          "store_path": "/nix/store/gw5jvq4r17iqh751g7v71svxb3ncq7si-kubernetes-helm-3.19.1"
        },
        "aarch64-linux": {
          "outputs": [
            {
              "name": "out",
              "path": "/nix/store/j1fh4wfj0b1dk87q0irz73k8gcqhr2ak-kubernetes-helm-3.19.1",
              "default": true
            }
          ],
          "store_path": "/nix/store/j1fh4wfj0b1dk87q0irz73k8gcqhr2ak-kubernetes-helm-3.19.1"
        },
        "x86_64-darwin": {
          "outputs": [
            {
              "name": "out",
              "path": "/nix/store/9g0nwl9nrf2rjs4kgz6yclr335jdq1r5-kubernetes-helm-3.19.1",
              "default": true
            }
          ],
          "store_path": "/nix/store/9g0nwl9nrf2rjs4kgz6yclr335jdq1r5-kubernetes-helm-3.19.1"
        },
        "x86_64-linux": {
          "outputs": [
            {
              "name": "out",
              "path": "/nix/store/n4np4p37d3k0nw0h4v9vvyrk8hj0qly0-kubernetes-helm-3.19.1",
              "default": true
            }
          ],
          "store_path": "/nix/store/n4np4p37d3k0nw0h4v9vvyrk8hj0qly0-kubernetes-helm-3.19.1"
        }
      }
    },
    "natscli@0.3.1": {
      "last_modified": "2026-01-30T02:32:49Z",
      "resolved": "github:NixOS/nixpkgs/6308c3b21396534d8aaeac46179c14c439a89b8a#natscli",
      "source": "devbox-search",
      "version": "0.3.1",
      "systems": {
        "aarch64-darwin": {
          "outputs": [
            {
              "name": "out",
              "path": "/nix/store/41mhv4zrlncb932l17z39m9x3gm951b7-natscli-0.3.1",
              "default": true
            }
          ],
          "store_path": "/nix/store/41mhv4zrlncb932l17z39m9x3gm951b7-natscli-0.3.1"
        },
        "aarch64-linux": {
          "outputs": [
            {
              "name": "out",
              "path": "/nix/store/mxi13c8xh3qyd97pd758mpbn0gwsby01-natscli-0.3.1",
              "default": true
            }
          ],
          "store_path": "/nix/store/mxi13c8xh3qyd97pd758mpbn0gwsby01-natscli-0.3.1"
        },
        "x86_64-darwin": {
          "outputs": [
            {
              "name": "out",
              "path": "/nix/store/1cg2i6mdl9f1ll4xnabbkvcsdms58qlr-natscli-0.3.1",
              "default": true
            }
          ],
          "store_path": "/nix/store/1cg2i6mdl9f1ll4xnabbkvcsdms58qlr-natscli-0.3.1"
        },
        "x86_64-linux": {
          "outputs": [
            {
              "name": "out",
              "path": "/nix/store/k7j2sd6nxnk2k6vwj1prcf8c4bi015qn-natscli-0.3.1",
              "default": true
            }
          ],
          "store_path": "/nix/store/k7j2sd6nxnk2k6vwj1prcf8c4bi015qn-natscli-0.3.1"
        }
      }
    },
    "nodePackages.prettier@3.5.3": {
      "last_modified": "2025-05-21T18:43:04Z",
      "resolved": "github:NixOS/nixpkgs/8c441601c43232976179eac52dde704c8bdf81ed#nodePackages.prettier",
      "source": "devbox-search",
      "version": "3.5.3",
      "systems": {
        "aarch64-darwin": {
          "outputs": [
            {
              "name": "out",
              "path": "/nix/store/yspchsd3ww1ddz2r5783kw8y9j0vr3r8-prettier-3.5.3",
              "default": true
            }
          ],
          "store_path": "/nix/store/yspchsd3ww1ddz2r5783kw8y9j0vr3r8-prettier-3.5.3"
        },
        "aarch64-linux": {
          "outputs": [
            {
              "name": "out",
              "path": "/nix/store/ya3imag4wkxj3g5fws96rzyzv36m74w8-prettier-3.5.3",
              "default": true
            }
          ],
          "store_path": "/nix/store/ya3imag4wkxj3g5fws96rzyzv36m74w8-prettier-3.5.3"
        },
        "x86_64-darwin": {
          "outputs": [
            {
              "name": "out",
              "path": "/nix/store/f9q2y20qa56hjzxnia0q664m0rkwwqvm-prettier-3.5.3",
              "default": true
            }
          ],
          "store_path": "/nix/store/f9q2y20qa56hjzxnia0q664m0rkwwqvm-prettier-3.5.3"
        },
        "x86_64-linux": {
          "outputs": [
            {
              "name": "out",
              "path": "/nix/store/wry9vlk19pk7izrknb980icc8gihzllx-prettier-3.5.3",
              "default": true
            }
          ],
          "store_path": "/nix/store/wry9vlk19pk7izrknb980icc8gihzllx-prettier-3.5.3"
        }
      }
    },
    "opentofu@1.11.4": {
      "last_modified": "2026-01-23T17:20:52Z",
      "resolved": "github:NixOS/nixpkgs/a1bab9e494f5f4939442a57a58d0449a109593fe#opentofu",
      "source": "devbox-search",
      "version": "1.11.4",
      "systems": {
        "aarch64-darwin": {
          "outputs": [
            {
              "name": "out",
              "path": "/nix/store/dh4g368b2h3fz41qv35qi202arp9fk56-opentofu-1.11.4",
              "default": true
            }
          ],
          "store_path": "/nix/store/dh4g368b2h3fz41qv35qi202arp9fk56-opentofu-1.11.4"
        },
        "aarch64-linux": {
          "outputs": [
            {
              "name": "out",
              "path": "/nix/store/7iwd0dfplspdbn2xrixxnk7r60hhv1cs-opentofu-1.11.4",
              "default": true
            }
          ],
          "store_path": "/nix/store/7iwd0dfplspdbn2xrixxnk7r60hhv1cs-opentofu-1.11.4"
        },
        "x86_64-darwin": {
          "outputs": [
            {
              "name": "out",
              "path": "/nix/store/bzrrjv7lbabc9kvhmhiihh4il9kxp0y0-opentofu-1.11.4",
              "default": true
            }
          ],
          "store_path": "/nix/store/bzrrjv7lbabc9kvhmhiihh4il9kxp0y0-opentofu-1.11.4"
        },
        "x86_64-linux": {
          "outputs": [
            {
              "name": "out",
              "path": "/nix/store/khly3n8k62bvm8j70lmy7apzsf3g1072-opentofu-1.11.4",
              "default": true
            }
          ],
          "store_path": "/nix/store/khly3n8k62bvm8j70lmy7apzsf3g1072-opentofu-1.11.4"
        }
      }
    },
    "spacectl@1.18.1": {
      "last_modified": "2026-02-02T23:09:17Z",
      "resolved": "github:NixOS/nixpkgs/47472570b1e607482890801aeaf29bfb749884f6#spacectl",
      "source": "devbox-search",
      "version": "1.18.1",
      "systems": {
        "aarch64-darwin": {
          "outputs": [
            {
              "name": "out",
              "path": "/nix/store/7drdzmi8ip745ald6zv8a97kplx8azly-spacectl-1.18.1",
              "default": true
            }
          ],
          "store_path": "/nix/store/7drdzmi8ip745ald6zv8a97kplx8azly-spacectl-1.18.1"
        },
        "aarch64-linux": {
          "outputs": [
            {
              "name": "out",
              "path": "/nix/store/l2ms0h3rx6i32fw5b3b1mp51akjjswps-spacectl-1.18.1",
              "default": true
            }
          ],
          "store_path": "/nix/store/l2ms0h3rx6i32fw5b3b1mp51akjjswps-spacectl-1.18.1"
        },
        "x86_64-darwin": {
          "outputs": [
            {
              "name": "out",
              "path": "/nix/store/z5js1mg8a5dzp91cxphcy6smynfjskmj-spacectl-1.18.1",
              "default": true
            }
          ],
          "store_path": "/nix/store/z5js1mg8a5dzp91cxphcy6smynfjskmj-spacectl-1.18.1"
        },
        "x86_64-linux": {
          "outputs": [
            {
              "name": "out",
              "path": "/nix/store/zi3mn4qmfxa27cih3kb8hj94kpijwwjy-spacectl-1.18.1",
              "default": true
            }
          ],
          "store_path": "/nix/store/zi3mn4qmfxa27cih3kb8hj94kpijwwjy-spacectl-1.18.1"
        }
      }
    },
    "talosctl@1.11.6": {
      "last_modified": "2025-12-21T10:48:17Z",
      "resolved": "github:NixOS/nixpkgs/306ea70f9eb0fb4e040f8540e2deab32ed7e2055#talosctl",
      "source": "devbox-search",
      "version": "1.11.6",
      "systems": {
        "aarch64-darwin": {
          "outputs": [
            {
              "name": "out",
              "path": "/nix/store/fa6qn4fkzm9ks716aldk4bqiym254gsn-talosctl-1.11.6",
              "default": true
            }
          ],
          "store_path": "/nix/store/fa6qn4fkzm9ks716aldk4bqiym254gsn-talosctl-1.11.6"
        },
        "aarch64-linux": {
          "outputs": [
            {
              "name": "out",
              "path": "/nix/store/aaqjkmnvb3py1qclmkh4sszj988fhj1y-talosctl-1.11.6",
              "default": true
            }
          ],
          "store_path": "/nix/store/aaqjkmnvb3py1qclmkh4sszj988fhj1y-talosctl-1.11.6"
        },
        "x86_64-darwin": {
          "outputs": [
            {
              "name": "out",
              "path": "/nix/store/0cli85l4pb3928il5dm3a3kn2f019g79-talosctl-1.11.6",
              "default": true
            }
          ],
          "store_path": "/nix/store/0cli85l4pb3928il5dm3a3kn2f019g79-talosctl-1.11.6"
        },
        "x86_64-linux": {
          "outputs": [
            {
              "name": "out",
              "path": "/nix/store/qfkxsg1mxv1s284yjb8xgiw4pqz5mhwp-talosctl-1.11.6",
              "default": true
            }
          ],
          "store_path": "/nix/store/qfkxsg1mxv1s284yjb8xgiw4pqz5mhwp-talosctl-1.11.6"
        }
      }
    },
    "terraform@1.13.5": {
      "last_modified": "2025-11-15T07:28:48Z",
      "resolved": "github:NixOS/nixpkgs/1d4c88323ac36805d09657d13a5273aea1b34f0c#terraform",
      "source": "devbox-search",
      "version": "1.13.5",
      "systems": {
        "aarch64-darwin": {
          "outputs": [
            {
              "name": "out",
              "path": "/nix/store/54xpgmnkl1wgd8fdwg35av37xn0sscy3-terraform-1.13.5",
              "default": true
            }
          ],
          "store_path": "/nix/store/54xpgmnkl1wgd8fdwg35av37xn0sscy3-terraform-1.13.5"
        },
        "aarch64-linux": {
          "outputs": [
            {
              "name": "out",
              "path": "/nix/store/h5y4nm4393bxzx19nrpav3sp6mhchlnp-terraform-1.13.5",
              "default": true
            }
          ],
          "store_path": "/nix/store/h5y4nm4393bxzx19nrpav3sp6mhchlnp-terraform-1.13.5"
        },
        "x86_64-darwin": {
          "outputs": [
            {
              "name": "out",
              "path": "/nix/store/2l0japxjkmwq85wsd2y2xqxjjjijmnv4-terraform-1.13.5",
              "default": true
            }
          ],
          "store_path": "/nix/store/2l0japxjkmwq85wsd2y2xqxjjjijmnv4-terraform-1.13.5"
        },
        "x86_64-linux": {
          "outputs": [
            {
              "name": "out",
              "path": "/nix/store/2h17mx1m5jfp7j6ik7iwlkxhxhxhgzvw-terraform-1.13.5",
              "default": true
            }
          ],
          "store_path": "/nix/store/2h17mx1m5jfp7j6ik7iwlkxhxhxhgzvw-terraform-1.13.5"
        }
      }
    },
    "wrangler@4.61.0": {
      "last_modified": "2026-01-30T02:32:49Z",
      "resolved": "github:NixOS/nixpkgs/6308c3b21396534d8aaeac46179c14c439a89b8a#wrangler",
      "source": "devbox-search",
      "version": "4.61.0",
      "systems": {
        "aarch64-darwin": {
          "outputs": [
            {
              "name": "out",
              "path": "/nix/store/93wi0vf1mlawr6n03dgvxi250vgky3dh-wrangler-4.61.0",
              "default": true
            }
          ],
          "store_path": "/nix/store/93wi0vf1mlawr6n03dgvxi250vgky3dh-wrangler-4.61.0"
        },
        "aarch64-linux": {
          "outputs": [
            {
              "name": "out",
              "path": "/nix/store/pakwj42crgqm0frzp9blz131nz8yanzx-wrangler-4.61.0",
              "default": true
            }
          ],
          "store_path": "/nix/store/pakwj42crgqm0frzp9blz131nz8yanzx-wrangler-4.61.0"
        },
        "x86_64-darwin": {
          "outputs": [
            {
              "name": "out",
              "path": "/nix/store/5ra6z268kfz21zfqvc2mflarp7d2qjww-wrangler-4.61.0",
              "default": true
            }
          ],
          "store_path": "/nix/store/5ra6z268kfz21zfqvc2mflarp7d2qjww-wrangler-4.61.0"
        },
        "x86_64-linux": {
          "outputs": [
            {
              "name": "out",
              "path": "/nix/store/395fqn38pjpj749rxw6hbzg8rvbm1hb4-wrangler-4.61.0",
              "default": true
            }
          ],
          "store_path": "/nix/store/395fqn38pjpj749rxw6hbzg8rvbm1hb4-wrangler-4.61.0"
        }
      }
    }
  }
}
