[dependencies]
  [dependencies.argo-cd]
    name = "argo-cd"
    full_name = "argo-cd_0.1.1"
    version = "0.1.1"
  [dependencies.cert-manager]
    name = "cert-manager"
    full_name = "cert-manager_0.1.2"
    version = "0.1.2"
  [dependencies.cilium]
    name = "cilium"
    full_name = "cilium_0.1.2"
    version = "0.1.2"
  [dependencies.crossplane]
    name = "crossplane"
    full_name = "crossplane_1.15.2"
    version = "1.15.2"
  [dependencies.crossplane-provider-terraform]
    name = "crossplane-provider-terraform"
    full_name = "crossplane-provider-terraform_0.10.0"
    version = "0.10.0"
  [dependencies.external-secrets]
    name = "external-secrets"
    full_name = "external-secrets_0.1.0"
    version = "0.1.0"
  [dependencies.grafana-operator]
    name = "grafana-operator"
    full_name = "grafana-operator_0.1.0"
    version = "0.1.0"
  [dependencies.k8s]
    name = "k8s"
    full_name = "k8s_1.28"
    version = "1.28"
    sum = "aTxPUVZyr9MdiB3YdiY/8pCh9sC55yURnZdGlJsKG6Q="
    reg = "ghcr.io"
    repo = "kcl-lang/k8s"
    oci_tag = "1.28"
  [dependencies.konfig]
    name = "konfig"
    full_name = "konfig_0.0.1"
    version = "0.0.1"
  [dependencies.opentelemetry-operator]
    name = "opentelemetry-operator"
    full_name = "opentelemetry-operator_0.0.2"
    version = "0.0.2"
  [dependencies.prometheus-operator]
    name = "prometheus-operator"
    full_name = "prometheus-operator_0.0.1"
    version = "0.0.1"
  [dependencies.secure-code-box]
    name = "secure-code-box"
    full_name = "secure-code-box_0.1.0"
    version = "0.1.0"
  [dependencies.traefik]
    name = "traefik"
    full_name = "traefik_0.1.1"
    version = "0.1.1"
